// !$*UTF8*$!
{
	archiveVersion = 1;
	classes = {
	};
	objectVersion = 50;
	objects = {

/* Begin PBXBuildFile section */
		1F071A4A2176CFB600A8661B /* CollectionViewNormalCell.swift in Sources */ = {isa = PBXBuildFile; fileRef = 1F071A482176CFB600A8661B /* CollectionViewNormalCell.swift */; };
		1F071A4B2176CFB600A8661B /* CollectionViewNormalCell.xib in Resources */ = {isa = PBXBuildFile; fileRef = 1F071A492176CFB600A8661B /* CollectionViewNormalCell.xib */; };
		1F0828CB217586A700F39964 /* PageTitleView.swift in Sources */ = {isa = PBXBuildFile; fileRef = 1F0828CA217586A700F39964 /* PageTitleView.swift */; };
		1F0828CD2175881800F39964 /* Common.swift in Sources */ = {isa = PBXBuildFile; fileRef = 1F0828CC2175881800F39964 /* Common.swift */; };
		1F0828CF2175915800F39964 /* PageContentview.swift in Sources */ = {isa = PBXBuildFile; fileRef = 1F0828CE2175915800F39964 /* PageContentview.swift */; };
		1F0828D12175931B00F39964 /* UIColor_Extension.swift in Sources */ = {isa = PBXBuildFile; fileRef = 1F0828D02175931B00F39964 /* UIColor_Extension.swift */; };
		1F0828D32175DA1000F39964 /* CommondViewController.swift in Sources */ = {isa = PBXBuildFile; fileRef = 1F0828D22175DA1000F39964 /* CommondViewController.swift */; };
		1F0828DA2175E34900F39964 /* CollectionHeaderView.swift in Sources */ = {isa = PBXBuildFile; fileRef = 1F0828D82175E34900F39964 /* CollectionHeaderView.swift */; };
		1F0828DB2175E34900F39964 /* CollectionHeaderView.xib in Resources */ = {isa = PBXBuildFile; fileRef = 1F0828D92175E34900F39964 /* CollectionHeaderView.xib */; };
		1F0A4F6021747C7F00BDEA45 /* AppDelegate.swift in Sources */ = {isa = PBXBuildFile; fileRef = 1F0A4F5F21747C7F00BDEA45 /* AppDelegate.swift */; };
		1F0A4F6521747C7F00BDEA45 /* Main111.storyboard in Resources */ = {isa = PBXBuildFile; fileRef = 1F0A4F6321747C7F00BDEA45 /* Main111.storyboard */; };
		1F0A4F6721747C8000BDEA45 /* Assets.xcassets in Resources */ = {isa = PBXBuildFile; fileRef = 1F0A4F6621747C8000BDEA45 /* Assets.xcassets */; };
		1F0A4F6A21747C8000BDEA45 /* LaunchScreen.storyboard in Resources */ = {isa = PBXBuildFile; fileRef = 1F0A4F6821747C8000BDEA45 /* LaunchScreen.storyboard */; };
		1F0A4F7521747C8000BDEA45 /* DOUYUTests.swift in Sources */ = {isa = PBXBuildFile; fileRef = 1F0A4F7421747C8000BDEA45 /* DOUYUTests.swift */; };
		1F0A4F8021747C8000BDEA45 /* DOUYUUITests.swift in Sources */ = {isa = PBXBuildFile; fileRef = 1F0A4F7F21747C8000BDEA45 /* DOUYUUITests.swift */; };
		1F0A4F9621748F5000BDEA45 /* Home.storyboard in Resources */ = {isa = PBXBuildFile; fileRef = 1F0A4F9421748F5000BDEA45 /* Home.storyboard */; };
		1F0A4F9C21748FD100BDEA45 /* Live.storyboard in Resources */ = {isa = PBXBuildFile; fileRef = 1F0A4F9A21748FD100BDEA45 /* Live.storyboard */; };
		1F0A4FA12174900A00BDEA45 /* Profile.storyboard in Resources */ = {isa = PBXBuildFile; fileRef = 1F0A4F9F2174900A00BDEA45 /* Profile.storyboard */; };
		1F0A4FAB217491A900BDEA45 /* Follow.storyboard in Resources */ = {isa = PBXBuildFile; fileRef = 1F0A4FA9217491A900BDEA45 /* Follow.storyboard */; };
		1F0A4FAD2174921400BDEA45 /* Main.storyboard in Resources */ = {isa = PBXBuildFile; fileRef = 1F0A4FAC2174921400BDEA45 /* Main.storyboard */; };
		1F0A4FB5217494E500BDEA45 /* MainViewController.swift in Sources */ = {isa = PBXBuildFile; fileRef = 1F0A4FB2217494E500BDEA45 /* MainViewController.swift */; };
		1F0A4FB72174951900BDEA45 /* HomeViewController.swift in Sources */ = {isa = PBXBuildFile; fileRef = 1F0A4FB62174951900BDEA45 /* HomeViewController.swift */; };
		1F0A4FBA2174980C00BDEA45 /* UIBarButtonItem_extension.swift in Sources */ = {isa = PBXBuildFile; fileRef = 1F0A4FB92174980C00BDEA45 /* UIBarButtonItem_extension.swift */; };
		1FB447732176D7F6008673EF /* CollectionViewPrettyCell.swift in Sources */ = {isa = PBXBuildFile; fileRef = 1FB447712176D7F6008673EF /* CollectionViewPrettyCell.swift */; };
		1FB447742176D7F6008673EF /* CollectionViewPrettyCell.xib in Resources */ = {isa = PBXBuildFile; fileRef = 1FB447722176D7F6008673EF /* CollectionViewPrettyCell.xib */; };
		1FB447762176E196008673EF /* NetworkTools.swift in Sources */ = {isa = PBXBuildFile; fileRef = 1FB447752176E196008673EF /* NetworkTools.swift */; };
		1FB447792176E88E008673EF /* ReCommonViewModel.swift in Sources */ = {isa = PBXBuildFile; fileRef = 1FB447782176E88E008673EF /* ReCommonViewModel.swift */; };
		1FB4477B21770F9F008673EF /* NSDate_Extension.swift in Sources */ = {isa = PBXBuildFile; fileRef = 1FB4477A21770F9F008673EF /* NSDate_Extension.swift */; };
		1FB4477D21771204008673EF /* AnchorGroup.swift in Sources */ = {isa = PBXBuildFile; fileRef = 1FB4477C21771204008673EF /* AnchorGroup.swift */; };
		1FB4477F217713BB008673EF /* AnchorModel.swift in Sources */ = {isa = PBXBuildFile; fileRef = 1FB4477E217713BB008673EF /* AnchorModel.swift */; };
		2FE5E3BDA4AAAB2706BFDCEA /* Pods_DOUYU.framework in Frameworks */ = {isa = PBXBuildFile; fileRef = F90BE900EB23AB9C67D5B5A4 /* Pods_DOUYU.framework */; };
/* End PBXBuildFile section */

/* Begin PBXContainerItemProxy section */
		1F0A4F7121747C8000BDEA45 /* PBXContainerItemProxy */ = {
			isa = PBXContainerItemProxy;
			containerPortal = 1F0A4F5421747C7F00BDEA45 /* Project object */;
			proxyType = 1;
			remoteGlobalIDString = 1F0A4F5B21747C7F00BDEA45;
			remoteInfo = DOUYU;
		};
		1F0A4F7C21747C8000BDEA45 /* PBXContainerItemProxy */ = {
			isa = PBXContainerItemProxy;
			containerPortal = 1F0A4F5421747C7F00BDEA45 /* Project object */;
			proxyType = 1;
			remoteGlobalIDString = 1F0A4F5B21747C7F00BDEA45;
			remoteInfo = DOUYU;
		};
/* End PBXContainerItemProxy section */

/* Begin PBXFileReference section */
		1F071A482176CFB600A8661B /* CollectionViewNormalCell.swift */ = {isa = PBXFileReference; lastKnownFileType = sourcecode.swift; path = CollectionViewNormalCell.swift; sourceTree = "<group>"; };
		1F071A492176CFB600A8661B /* CollectionViewNormalCell.xib */ = {isa = PBXFileReference; lastKnownFileType = file.xib; path = CollectionViewNormalCell.xib; sourceTree = "<group>"; };
		1F0828CA217586A700F39964 /* PageTitleView.swift */ = {isa = PBXFileReference; lastKnownFileType = sourcecode.swift; path = PageTitleView.swift; sourceTree = "<group>"; };
		1F0828CC2175881800F39964 /* Common.swift */ = {isa = PBXFileReference; lastKnownFileType = sourcecode.swift; path = Common.swift; sourceTree = "<group>"; };
		1F0828CE2175915800F39964 /* PageContentview.swift */ = {isa = PBXFileReference; lastKnownFileType = sourcecode.swift; path = PageContentview.swift; sourceTree = "<group>"; };
		1F0828D02175931B00F39964 /* UIColor_Extension.swift */ = {isa = PBXFileReference; lastKnownFileType = sourcecode.swift; path = UIColor_Extension.swift; sourceTree = "<group>"; };
		1F0828D22175DA1000F39964 /* CommondViewController.swift */ = {isa = PBXFileReference; lastKnownFileType = sourcecode.swift; path = CommondViewController.swift; sourceTree = "<group>"; };
		1F0828D82175E34900F39964 /* CollectionHeaderView.swift */ = {isa = PBXFileReference; lastKnownFileType = sourcecode.swift; path = CollectionHeaderView.swift; sourceTree = "<group>"; };
		1F0828D92175E34900F39964 /* CollectionHeaderView.xib */ = {isa = PBXFileReference; lastKnownFileType = file.xib; path = CollectionHeaderView.xib; sourceTree = "<group>"; };
		1F0A4F5C21747C7F00BDEA45 /* DOUYU.app */ = {isa = PBXFileReference; explicitFileType = wrapper.application; includeInIndex = 0; path = DOUYU.app; sourceTree = BUILT_PRODUCTS_DIR; };
		1F0A4F5F21747C7F00BDEA45 /* AppDelegate.swift */ = {isa = PBXFileReference; lastKnownFileType = sourcecode.swift; path = AppDelegate.swift; sourceTree = "<group>"; };
		1F0A4F6421747C7F00BDEA45 /* Base */ = {isa = PBXFileReference; lastKnownFileType = file.storyboard; name = Base; path = Base.lproj/Main111.storyboard; sourceTree = "<group>"; };
		1F0A4F6621747C8000BDEA45 /* Assets.xcassets */ = {isa = PBXFileReference; lastKnownFileType = folder.assetcatalog; path = Assets.xcassets; sourceTree = "<group>"; };
		1F0A4F6921747C8000BDEA45 /* Base */ = {isa = PBXFileReference; lastKnownFileType = file.storyboard; name = Base; path = Base.lproj/LaunchScreen.storyboard; sourceTree = "<group>"; };
		1F0A4F6B21747C8000BDEA45 /* Info.plist */ = {isa = PBXFileReference; lastKnownFileType = text.plist.xml; path = Info.plist; sourceTree = "<group>"; };
		1F0A4F7021747C8000BDEA45 /* DOUYUTests.xctest */ = {isa = PBXFileReference; explicitFileType = wrapper.cfbundle; includeInIndex = 0; path = DOUYUTests.xctest; sourceTree = BUILT_PRODUCTS_DIR; };
		1F0A4F7421747C8000BDEA45 /* DOUYUTests.swift */ = {isa = PBXFileReference; lastKnownFileType = sourcecode.swift; path = DOUYUTests.swift; sourceTree = "<group>"; };
		1F0A4F7621747C8000BDEA45 /* Info.plist */ = {isa = PBXFileReference; lastKnownFileType = text.plist.xml; path = Info.plist; sourceTree = "<group>"; };
		1F0A4F7B21747C8000BDEA45 /* DOUYUUITests.xctest */ = {isa = PBXFileReference; explicitFileType = wrapper.cfbundle; includeInIndex = 0; path = DOUYUUITests.xctest; sourceTree = BUILT_PRODUCTS_DIR; };
		1F0A4F7F21747C8000BDEA45 /* DOUYUUITests.swift */ = {isa = PBXFileReference; lastKnownFileType = sourcecode.swift; path = DOUYUUITests.swift; sourceTree = "<group>"; };
		1F0A4F8121747C8000BDEA45 /* Info.plist */ = {isa = PBXFileReference; lastKnownFileType = text.plist.xml; path = Info.plist; sourceTree = "<group>"; };
		1F0A4F9521748F5000BDEA45 /* Base */ = {isa = PBXFileReference; lastKnownFileType = file.storyboard; name = Base; path = DOUYU/Classes/Main/Base.lproj/Home.storyboard; sourceTree = "<group>"; };
		1F0A4F9B21748FD100BDEA45 /* Base */ = {isa = PBXFileReference; lastKnownFileType = file.storyboard; name = Base; path = DOUYU/Classes/Main/Base.lproj/Live.storyboard; sourceTree = "<group>"; };
		1F0A4FA02174900A00BDEA45 /* Base */ = {isa = PBXFileReference; lastKnownFileType = file.storyboard; name = Base; path = DOUYU/Classes/Main/Base.lproj/Profile.storyboard; sourceTree = "<group>"; };
		1F0A4FAA217491A900BDEA45 /* Base */ = {isa = PBXFileReference; lastKnownFileType = file.storyboard; name = Base; path = Base.lproj/Follow.storyboard; sourceTree = "<group>"; };
		1F0A4FAC2174921400BDEA45 /* Main.storyboard */ = {isa = PBXFileReference; lastKnownFileType = file.storyboard; path = Main.storyboard; sourceTree = "<group>"; };
		1F0A4FB2217494E500BDEA45 /* MainViewController.swift */ = {isa = PBXFileReference; fileEncoding = 4; lastKnownFileType = sourcecode.swift; path = MainViewController.swift; sourceTree = "<group>"; };
		1F0A4FB62174951900BDEA45 /* HomeViewController.swift */ = {isa = PBXFileReference; lastKnownFileType = sourcecode.swift; path = HomeViewController.swift; sourceTree = "<group>"; };
		1F0A4FB92174980C00BDEA45 /* UIBarButtonItem_extension.swift */ = {isa = PBXFileReference; lastKnownFileType = sourcecode.swift; path = UIBarButtonItem_extension.swift; sourceTree = "<group>"; };
		1FB447712176D7F6008673EF /* CollectionViewPrettyCell.swift */ = {isa = PBXFileReference; lastKnownFileType = sourcecode.swift; path = CollectionViewPrettyCell.swift; sourceTree = "<group>"; };
		1FB447722176D7F6008673EF /* CollectionViewPrettyCell.xib */ = {isa = PBXFileReference; lastKnownFileType = file.xib; path = CollectionViewPrettyCell.xib; sourceTree = "<group>"; };
		1FB447752176E196008673EF /* NetworkTools.swift */ = {isa = PBXFileReference; lastKnownFileType = sourcecode.swift; path = NetworkTools.swift; sourceTree = "<group>"; };
		1FB447782176E88E008673EF /* ReCommonViewModel.swift */ = {isa = PBXFileReference; lastKnownFileType = sourcecode.swift; path = ReCommonViewModel.swift; sourceTree = "<group>"; };
		1FB4477A21770F9F008673EF /* NSDate_Extension.swift */ = {isa = PBXFileReference; lastKnownFileType = sourcecode.swift; path = NSDate_Extension.swift; sourceTree = "<group>"; };
		1FB4477C21771204008673EF /* AnchorGroup.swift */ = {isa = PBXFileReference; lastKnownFileType = sourcecode.swift; path = AnchorGroup.swift; sourceTree = "<group>"; };
		1FB4477E217713BB008673EF /* AnchorModel.swift */ = {isa = PBXFileReference; lastKnownFileType = sourcecode.swift; path = AnchorModel.swift; sourceTree = "<group>"; };
		8CE74F16002DC22D85C975F2 /* Pods-DOUYU.release.xcconfig */ = {isa = PBXFileReference; includeInIndex = 1; lastKnownFileType = text.xcconfig; name = "Pods-DOUYU.release.xcconfig"; path = "Pods/Target Support Files/Pods-DOUYU/Pods-DOUYU.release.xcconfig"; sourceTree = "<group>"; };
		B125783AFC62AA39E73C0BFA /* Pods-DOUYU.debug.xcconfig */ = {isa = PBXFileReference; includeInIndex = 1; lastKnownFileType = text.xcconfig; name = "Pods-DOUYU.debug.xcconfig"; path = "Pods/Target Support Files/Pods-DOUYU/Pods-DOUYU.debug.xcconfig"; sourceTree = "<group>"; };
		F90BE900EB23AB9C67D5B5A4 /* Pods_DOUYU.framework */ = {isa = PBXFileReference; explicitFileType = wrapper.framework; includeInIndex = 0; path = Pods_DOUYU.framework; sourceTree = BUILT_PRODUCTS_DIR; };
/* End PBXFileReference section */

/* Begin PBXFrameworksBuildPhase section */
		1F0A4F5921747C7F00BDEA45 /* Frameworks */ = {
			isa = PBXFrameworksBuildPhase;
			buildActionMask = 2147483647;
			files = (
				2FE5E3BDA4AAAB2706BFDCEA /* Pods_DOUYU.framework in Frameworks */,
			);
			runOnlyForDeploymentPostprocessing = 0;
		};
		1F0A4F6D21747C8000BDEA45 /* Frameworks */ = {
			isa = PBXFrameworksBuildPhase;
			buildActionMask = 2147483647;
			files = (
			);
			runOnlyForDeploymentPostprocessing = 0;
		};
		1F0A4F7821747C8000BDEA45 /* Frameworks */ = {
			isa = PBXFrameworksBuildPhase;
			buildActionMask = 2147483647;
			files = (
			);
			runOnlyForDeploymentPostprocessing = 0;
		};
/* End PBXFrameworksBuildPhase section */

/* Begin PBXGroup section */
		1F0A4F5321747C7F00BDEA45 = {
			isa = PBXGroup;
			children = (
				1F0A4F5E21747C7F00BDEA45 /* DOUYU */,
				1F0A4F7321747C8000BDEA45 /* DOUYUTests */,
				1F0A4F7E21747C8000BDEA45 /* DOUYUUITests */,
				1F0A4F5D21747C7F00BDEA45 /* Products */,
				8764A861E677ACC0C0396769 /* Pods */,
				68AC7BE752ABC817BA6105EA /* Frameworks */,
			);
			sourceTree = "<group>";
		};
		1F0A4F5D21747C7F00BDEA45 /* Products */ = {
			isa = PBXGroup;
			children = (
				1F0A4F5C21747C7F00BDEA45 /* DOUYU.app */,
				1F0A4F7021747C8000BDEA45 /* DOUYUTests.xctest */,
				1F0A4F7B21747C8000BDEA45 /* DOUYUUITests.xctest */,
			);
			name = Products;
			sourceTree = "<group>";
		};
		1F0A4F5E21747C7F00BDEA45 /* DOUYU */ = {
			isa = PBXGroup;
			children = (
				1F0A4F8D2174891100BDEA45 /* Classes */,
				1F0A4F5F21747C7F00BDEA45 /* AppDelegate.swift */,
				1F0A4F6621747C8000BDEA45 /* Assets.xcassets */,
				1F0A4F6821747C8000BDEA45 /* LaunchScreen.storyboard */,
				1F0A4F6B21747C8000BDEA45 /* Info.plist */,
			);
			path = DOUYU;
			sourceTree = "<group>";
		};
		1F0A4F7321747C8000BDEA45 /* DOUYUTests */ = {
			isa = PBXGroup;
			children = (
				1F0A4F7421747C8000BDEA45 /* DOUYUTests.swift */,
				1F0A4F7621747C8000BDEA45 /* Info.plist */,
			);
			path = DOUYUTests;
			sourceTree = "<group>";
		};
		1F0A4F7E21747C8000BDEA45 /* DOUYUUITests */ = {
			isa = PBXGroup;
			children = (
				1F0A4F7F21747C8000BDEA45 /* DOUYUUITests.swift */,
				1F0A4F8121747C8000BDEA45 /* Info.plist */,
			);
			path = DOUYUUITests;
			sourceTree = "<group>";
		};
		1F0A4F8D2174891100BDEA45 /* Classes */ = {
			isa = PBXGroup;
			children = (
				1F0A4F932174891100BDEA45 /* Main */,
				1F0A4F8E2174891100BDEA45 /* Home */,
				1F0A4F922174891100BDEA45 /* Live */,
				1F0A4F902174891100BDEA45 /* Follow */,
				1F0A4F912174891100BDEA45 /* Profile */,
				1F0A4F8F2174891100BDEA45 /* Tools */,
			);
			path = Classes;
			sourceTree = "<group>";
		};
		1F0A4F8E2174891100BDEA45 /* Home */ = {
			isa = PBXGroup;
			children = (
				1F0A4F9421748F5000BDEA45 /* Home.storyboard */,
				1F0A4FB0217494AD00BDEA45 /* Model */,
				1F0A4FAE217494AD00BDEA45 /* Controller */,
				1F0A4FAF217494AD00BDEA45 /* View */,
				1FB447772176E84D008673EF /* ViewModel */,
			);
			path = Home;
			sourceTree = "<group>";
		};
		1F0A4F8F2174891100BDEA45 /* Tools */ = {
			isa = PBXGroup;
			children = (
				1F0A4FB8217497E200BDEA45 /* Extension */,
				1F0828CC2175881800F39964 /* Common.swift */,
				1FB447752176E196008673EF /* NetworkTools.swift */,
			);
			path = Tools;
			sourceTree = "<group>";
		};
		1F0A4F902174891100BDEA45 /* Follow */ = {
			isa = PBXGroup;
			children = (
				1F0A4FA9217491A900BDEA45 /* Follow.storyboard */,
			);
			path = Follow;
			sourceTree = "<group>";
		};
		1F0A4F912174891100BDEA45 /* Profile */ = {
			isa = PBXGroup;
			children = (
				1F0A4F9F2174900A00BDEA45 /* Profile.storyboard */,
			);
			path = Profile;
			sourceTree = "<group>";
		};
		1F0A4F922174891100BDEA45 /* Live */ = {
			isa = PBXGroup;
			children = (
				1F0A4F9A21748FD100BDEA45 /* Live.storyboard */,
			);
			path = Live;
			sourceTree = "<group>";
		};
		1F0A4F932174891100BDEA45 /* Main */ = {
			isa = PBXGroup;
			children = (
				1F0A4F6321747C7F00BDEA45 /* Main111.storyboard */,
				1F0A4FAC2174921400BDEA45 /* Main.storyboard */,
				1F0A4FB1217494E500BDEA45 /* Controller */,
				1F0A4FB4217494E500BDEA45 /* Model */,
				1F0A4FB3217494E500BDEA45 /* View */,
			);
			path = Main;
			sourceTree = "<group>";
		};
		1F0A4FAE217494AD00BDEA45 /* Controller */ = {
			isa = PBXGroup;
			children = (
				1F0A4FB62174951900BDEA45 /* HomeViewController.swift */,
			);
			path = Controller;
			sourceTree = "<group>";
		};
		1F0A4FAF217494AD00BDEA45 /* View */ = {
			isa = PBXGroup;
			children = (
			);
			path = View;
			sourceTree = "<group>";
		};
		1F0A4FB0217494AD00BDEA45 /* Model */ = {
			isa = PBXGroup;
			children = (
			);
			path = Model;
			sourceTree = "<group>";
		};
		1F0A4FB1217494E500BDEA45 /* Controller */ = {
			isa = PBXGroup;
			children = (
				1F0A4FB2217494E500BDEA45 /* MainViewController.swift */,
				1F0828D22175DA1000F39964 /* CommondViewController.swift */,
			);
			path = Controller;
			sourceTree = "<group>";
		};
		1F0A4FB3217494E500BDEA45 /* View */ = {
			isa = PBXGroup;
			children = (
				1F0828CA217586A700F39964 /* PageTitleView.swift */,
				1F0828CE2175915800F39964 /* PageContentview.swift */,
				1F0828D82175E34900F39964 /* CollectionHeaderView.swift */,
				1F0828D92175E34900F39964 /* CollectionHeaderView.xib */,
				1F071A482176CFB600A8661B /* CollectionViewNormalCell.swift */,
				1F071A492176CFB600A8661B /* CollectionViewNormalCell.xib */,
				1FB447712176D7F6008673EF /* CollectionViewPrettyCell.swift */,
				1FB447722176D7F6008673EF /* CollectionViewPrettyCell.xib */,
			);
			path = View;
			sourceTree = "<group>";
		};
		1F0A4FB4217494E500BDEA45 /* Model */ = {
			isa = PBXGroup;
			children = (
				1FB4477C21771204008673EF /* AnchorGroup.swift */,
				1FB4477E217713BB008673EF /* AnchorModel.swift */,
			);
			path = Model;
			sourceTree = "<group>";
		};
		1F0A4FB8217497E200BDEA45 /* Extension */ = {
			isa = PBXGroup;
			children = (
				1F0A4FB92174980C00BDEA45 /* UIBarButtonItem_extension.swift */,
				1F0828D02175931B00F39964 /* UIColor_Extension.swift */,
				1FB4477A21770F9F008673EF /* NSDate_Extension.swift */,
			);
			path = Extension;
			sourceTree = "<group>";
		};
		1FB447772176E84D008673EF /* ViewModel */ = {
			isa = PBXGroup;
			children = (
				1FB447782176E88E008673EF /* ReCommonViewModel.swift */,
			);
			path = ViewModel;
			sourceTree = "<group>";
		};
		68AC7BE752ABC817BA6105EA /* Frameworks */ = {
			isa = PBXGroup;
			children = (
				F90BE900EB23AB9C67D5B5A4 /* Pods_DOUYU.framework */,
			);
			name = Frameworks;
			sourceTree = "<group>";
		};
		8764A861E677ACC0C0396769 /* Pods */ = {
			isa = PBXGroup;
			children = (
				B125783AFC62AA39E73C0BFA /* Pods-DOUYU.debug.xcconfig */,
				8CE74F16002DC22D85C975F2 /* Pods-DOUYU.release.xcconfig */,
			);
			name = Pods;
			sourceTree = "<group>";
		};
/* End PBXGroup section */

/* Begin PBXNativeTarget section */
		1F0A4F5B21747C7F00BDEA45 /* DOUYU */ = {
			isa = PBXNativeTarget;
			buildConfigurationList = 1F0A4F8421747C8000BDEA45 /* Build configuration list for PBXNativeTarget "DOUYU" */;
			buildPhases = (
				ADAEAE151DFC9BD0B8EFC08D /* [CP] Check Pods Manifest.lock */,
				1F0A4F5821747C7F00BDEA45 /* Sources */,
				1F0A4F5921747C7F00BDEA45 /* Frameworks */,
				1F0A4F5A21747C7F00BDEA45 /* Resources */,
				EBF368E9ECE1110712A06B6A /* [CP] Embed Pods Frameworks */,
			);
			buildRules = (
			);
			dependencies = (
			);
			name = DOUYU;
			productName = DOUYU;
			productReference = 1F0A4F5C21747C7F00BDEA45 /* DOUYU.app */;
			productType = "com.apple.product-type.application";
		};
		1F0A4F6F21747C8000BDEA45 /* DOUYUTests */ = {
			isa = PBXNativeTarget;
			buildConfigurationList = 1F0A4F8721747C8000BDEA45 /* Build configuration list for PBXNativeTarget "DOUYUTests" */;
			buildPhases = (
				1F0A4F6C21747C8000BDEA45 /* Sources */,
				1F0A4F6D21747C8000BDEA45 /* Frameworks */,
				1F0A4F6E21747C8000BDEA45 /* Resources */,
			);
			buildRules = (
			);
			dependencies = (
				1F0A4F7221747C8000BDEA45 /* PBXTargetDependency */,
			);
			name = DOUYUTests;
			productName = DOUYUTests;
			productReference = 1F0A4F7021747C8000BDEA45 /* DOUYUTests.xctest */;
			productType = "com.apple.product-type.bundle.unit-test";
		};
		1F0A4F7A21747C8000BDEA45 /* DOUYUUITests */ = {
			isa = PBXNativeTarget;
			buildConfigurationList = 1F0A4F8A21747C8000BDEA45 /* Build configuration list for PBXNativeTarget "DOUYUUITests" */;
			buildPhases = (
				1F0A4F7721747C8000BDEA45 /* Sources */,
				1F0A4F7821747C8000BDEA45 /* Frameworks */,
				1F0A4F7921747C8000BDEA45 /* Resources */,
			);
			buildRules = (
			);
			dependencies = (
				1F0A4F7D21747C8000BDEA45 /* PBXTargetDependency */,
			);
			name = DOUYUUITests;
			productName = DOUYUUITests;
			productReference = 1F0A4F7B21747C8000BDEA45 /* DOUYUUITests.xctest */;
			productType = "com.apple.product-type.bundle.ui-testing";
		};
/* End PBXNativeTarget section */

/* Begin PBXProject section */
		1F0A4F5421747C7F00BDEA45 /* Project object */ = {
			isa = PBXProject;
			attributes = {
				LastSwiftUpdateCheck = 0940;
				LastUpgradeCheck = 0940;
				ORGANIZATIONNAME = ZQ;
				TargetAttributes = {
					1F0A4F5B21747C7F00BDEA45 = {
						CreatedOnToolsVersion = 9.4.1;
					};
					1F0A4F6F21747C8000BDEA45 = {
						CreatedOnToolsVersion = 9.4.1;
						TestTargetID = 1F0A4F5B21747C7F00BDEA45;
					};
					1F0A4F7A21747C8000BDEA45 = {
						CreatedOnToolsVersion = 9.4.1;
						TestTargetID = 1F0A4F5B21747C7F00BDEA45;
					};
				};
			};
			buildConfigurationList = 1F0A4F5721747C7F00BDEA45 /* Build configuration list for PBXProject "DOUYU" */;
			compatibilityVersion = "Xcode 9.3";
			developmentRegion = en;
			hasScannedForEncodings = 0;
			knownRegions = (
				en,
				Base,
			);
			mainGroup = 1F0A4F5321747C7F00BDEA45;
			productRefGroup = 1F0A4F5D21747C7F00BDEA45 /* Products */;
			projectDirPath = "";
			projectRoot = "";
			targets = (
				1F0A4F5B21747C7F00BDEA45 /* DOUYU */,
				1F0A4F6F21747C8000BDEA45 /* DOUYUTests */,
				1F0A4F7A21747C8000BDEA45 /* DOUYUUITests */,
			);
		};
/* End PBXProject section */

/* Begin PBXResourcesBuildPhase section */
		1F0A4F5A21747C7F00BDEA45 /* Resources */ = {
			isa = PBXResourcesBuildPhase;
			buildActionMask = 2147483647;
			files = (
				1F0A4F6A21747C8000BDEA45 /* LaunchScreen.storyboard in Resources */,
				1F0A4F6721747C8000BDEA45 /* Assets.xcassets in Resources */,
				1F0A4F9C21748FD100BDEA45 /* Live.storyboard in Resources */,
				1F0A4FAD2174921400BDEA45 /* Main.storyboard in Resources */,
				1F0A4F6521747C7F00BDEA45 /* Main111.storyboard in Resources */,
				1F0828DB2175E34900F39964 /* CollectionHeaderView.xib in Resources */,
				1F0A4FAB217491A900BDEA45 /* Follow.storyboard in Resources */,
				1F0A4F9621748F5000BDEA45 /* Home.storyboard in Resources */,
				1F0A4FA12174900A00BDEA45 /* Profile.storyboard in Resources */,
				1FB447742176D7F6008673EF /* CollectionViewPrettyCell.xib in Resources */,
				1F071A4B2176CFB600A8661B /* CollectionViewNormalCell.xib in Resources */,
			);
			runOnlyForDeploymentPostprocessing = 0;
		};
		1F0A4F6E21747C8000BDEA45 /* Resources */ = {
			isa = PBXResourcesBuildPhase;
			buildActionMask = 2147483647;
			files = (
			);
			runOnlyForDeploymentPostprocessing = 0;
		};
		1F0A4F7921747C8000BDEA45 /* Resources */ = {
			isa = PBXResourcesBuildPhase;
			buildActionMask = 2147483647;
			files = (
			);
			runOnlyForDeploymentPostprocessing = 0;
		};
/* End PBXResourcesBuildPhase section */

/* Begin PBXShellScriptBuildPhase section */
		ADAEAE151DFC9BD0B8EFC08D /* [CP] Check Pods Manifest.lock */ = {
			isa = PBXShellScriptBuildPhase;
			buildActionMask = 2147483647;
			files = (
			);
			inputPaths = (
				"${PODS_PODFILE_DIR_PATH}/Podfile.lock",
				"${PODS_ROOT}/Manifest.lock",
			);
			name = "[CP] Check Pods Manifest.lock";
			outputPaths = (
				"$(DERIVED_FILE_DIR)/Pods-DOUYU-checkManifestLockResult.txt",
			);
			runOnlyForDeploymentPostprocessing = 0;
			shellPath = /bin/sh;
			shellScript = "diff \"${PODS_PODFILE_DIR_PATH}/Podfile.lock\" \"${PODS_ROOT}/Manifest.lock\" > /dev/null\nif [ $? != 0 ] ; then\n    # print error to STDERR\n    echo \"error: The sandbox is not in sync with the Podfile.lock. Run 'pod install' or update your CocoaPods installation.\" >&2\n    exit 1\nfi\n# This output is used by Xcode 'outputs' to avoid re-running this script phase.\necho \"SUCCESS\" > \"${SCRIPT_OUTPUT_FILE_0}\"\n";
			showEnvVarsInLog = 0;
		};
		EBF368E9ECE1110712A06B6A /* [CP] Embed Pods Frameworks */ = {
			isa = PBXShellScriptBuildPhase;
			buildActionMask = 2147483647;
			files = (
			);
			inputPaths = (
				"${SRCROOT}/Pods/Target Support Files/Pods-DOUYU/Pods-DOUYU-frameworks.sh",
				"${BUILT_PRODUCTS_DIR}/Alamofire/Alamofire.framework",
				"${BUILT_PRODUCTS_DIR}/Kingfisher/Kingfisher.framework",
			);
			name = "[CP] Embed Pods Frameworks";
			outputPaths = (
				"${TARGET_BUILD_DIR}/${FRAMEWORKS_FOLDER_PATH}/Alamofire.framework",
				"${TARGET_BUILD_DIR}/${FRAMEWORKS_FOLDER_PATH}/Kingfisher.framework",
			);
			runOnlyForDeploymentPostprocessing = 0;
			shellPath = /bin/sh;
			shellScript = "\"${SRCROOT}/Pods/Target Support Files/Pods-DOUYU/Pods-DOUYU-frameworks.sh\"\n";
			showEnvVarsInLog = 0;
		};
/* End PBXShellScriptBuildPhase section */

/* Begin PBXSourcesBuildPhase section */
		1F0A4F5821747C7F00BDEA45 /* Sources */ = {
			isa = PBXSourcesBuildPhase;
			buildActionMask = 2147483647;
			files = (
				1FB4477B21770F9F008673EF /* NSDate_Extension.swift in Sources */,
				1F0A4FBA2174980C00BDEA45 /* UIBarButtonItem_extension.swift in Sources */,
				1F0828DA2175E34900F39964 /* CollectionHeaderView.swift in Sources */,
				1F0A4F6021747C7F00BDEA45 /* AppDelegate.swift in Sources */,
				1FB4477D21771204008673EF /* AnchorGroup.swift in Sources */,
				1F0828CB217586A700F39964 /* PageTitleView.swift in Sources */,
				1F0828D12175931B00F39964 /* UIColor_Extension.swift in Sources */,
				1F071A4A2176CFB600A8661B /* CollectionViewNormalCell.swift in Sources */,
				1FB447792176E88E008673EF /* ReCommonViewModel.swift in Sources */,
				1F0828CF2175915800F39964 /* PageContentview.swift in Sources */,
				1F0828D32175DA1000F39964 /* CommondViewController.swift in Sources */,
				1FB447732176D7F6008673EF /* CollectionViewPrettyCell.swift in Sources */,
				1F0A4FB5217494E500BDEA45 /* MainViewController.swift in Sources */,
				1F0828CD2175881800F39964 /* Common.swift in Sources */,
				1FB447762176E196008673EF /* NetworkTools.swift in Sources */,
				1F0A4FB72174951900BDEA45 /* HomeViewController.swift in Sources */,
				1FB4477F217713BB008673EF /* AnchorModel.swift in Sources */,
			);
			runOnlyForDeploymentPostprocessing = 0;
		};
		1F0A4F6C21747C8000BDEA45 /* Sources */ = {
			isa = PBXSourcesBuildPhase;
			buildActionMask = 2147483647;
			files = (
				1F0A4F7521747C8000BDEA45 /* DOUYUTests.swift in Sources */,
			);
			runOnlyForDeploymentPostprocessing = 0;
		};
		1F0A4F7721747C8000BDEA45 /* Sources */ = {
			isa = PBXSourcesBuildPhase;
			buildActionMask = 2147483647;
			files = (
				1F0A4F8021747C8000BDEA45 /* DOUYUUITests.swift in Sources */,
			);
			runOnlyForDeploymentPostprocessing = 0;
		};
/* End PBXSourcesBuildPhase section */

/* Begin PBXTargetDependency section */
		1F0A4F7221747C8000BDEA45 /* PBXTargetDependency */ = {
			isa = PBXTargetDependency;
			target = 1F0A4F5B21747C7F00BDEA45 /* DOUYU */;
			targetProxy = 1F0A4F7121747C8000BDEA45 /* PBXContainerItemProxy */;
		};
		1F0A4F7D21747C8000BDEA45 /* PBXTargetDependency */ = {
			isa = PBXTargetDependency;
			target = 1F0A4F5B21747C7F00BDEA45 /* DOUYU */;
			targetProxy = 1F0A4F7C21747C8000BDEA45 /* PBXContainerItemProxy */;
		};
/* End PBXTargetDependency section */

/* Begin PBXVariantGroup section */
		1F0A4F6321747C7F00BDEA45 /* Main111.storyboard */ = {
			isa = PBXVariantGroup;
			children = (
				1F0A4F6421747C7F00BDEA45 /* Base */,
			);
			name = Main111.storyboard;
			sourceTree = "<group>";
		};
		1F0A4F6821747C8000BDEA45 /* LaunchScreen.storyboard */ = {
			isa = PBXVariantGroup;
			children = (
				1F0A4F6921747C8000BDEA45 /* Base */,
			);
			name = LaunchScreen.storyboard;
			sourceTree = "<group>";
		};
		1F0A4F9421748F5000BDEA45 /* Home.storyboard */ = {
			isa = PBXVariantGroup;
			children = (
				1F0A4F9521748F5000BDEA45 /* Base */,
			);
			name = Home.storyboard;
			sourceTree = "<group>";
		};
		1F0A4F9A21748FD100BDEA45 /* Live.storyboard */ = {
			isa = PBXVariantGroup;
			children = (
				1F0A4F9B21748FD100BDEA45 /* Base */,
			);
			name = Live.storyboard;
			sourceTree = "<group>";
		};
		1F0A4F9F2174900A00BDEA45 /* Profile.storyboard */ = {
			isa = PBXVariantGroup;
			children = (
				1F0A4FA02174900A00BDEA45 /* Base */,
			);
			name = Profile.storyboard;
			sourceTree = "<group>";
		};
		1F0A4FA9217491A900BDEA45 /* Follow.storyboard */ = {
			isa = PBXVariantGroup;
			children = (
				1F0A4FAA217491A900BDEA45 /* Base */,
			);
			name = Follow.storyboard;
			sourceTree = "<group>";
		};
/* End PBXVariantGroup section */

/* Begin XCBuildConfiguration section */
		1F0A4F8221747C8000BDEA45 /* Debug */ = {
			isa = XCBuildConfiguration;
			buildSettings = {
				ALWAYS_SEARCH_USER_PATHS = NO;
				CLANG_ANALYZER_NONNULL = YES;
				CLANG_ANALYZER_NUMBER_OBJECT_CONVERSION = YES_AGGRESSIVE;
				CLANG_CXX_LANGUAGE_STANDARD = "gnu++14";
				CLANG_CXX_LIBRARY = "libc++";
				CLANG_ENABLE_MODULES = YES;
				CLANG_ENABLE_OBJC_ARC = YES;
				CLANG_ENABLE_OBJC_WEAK = YES;
				CLANG_WARN_BLOCK_CAPTURE_AUTORELEASING = YES;
				CLANG_WARN_BOOL_CONVERSION = YES;
				CLANG_WARN_COMMA = YES;
				CLANG_WARN_CONSTANT_CONVERSION = YES;
				CLANG_WARN_DEPRECATED_OBJC_IMPLEMENTATIONS = YES;
				CLANG_WARN_DIRECT_OBJC_ISA_USAGE = YES_ERROR;
				CLANG_WARN_DOCUMENTATION_COMMENTS = YES;
				CLANG_WARN_EMPTY_BODY = YES;
				CLANG_WARN_ENUM_CONVERSION = YES;
				CLANG_WARN_INFINITE_RECURSION = YES;
				CLANG_WARN_INT_CONVERSION = YES;
				CLANG_WARN_NON_LITERAL_NULL_CONVERSION = YES;
				CLANG_WARN_OBJC_IMPLICIT_RETAIN_SELF = YES;
				CLANG_WARN_OBJC_LITERAL_CONVERSION = YES;
				CLANG_WARN_OBJC_ROOT_CLASS = YES_ERROR;
				CLANG_WARN_RANGE_LOOP_ANALYSIS = YES;
				CLANG_WARN_STRICT_PROTOTYPES = YES;
				CLANG_WARN_SUSPICIOUS_MOVE = YES;
				CLANG_WARN_UNGUARDED_AVAILABILITY = YES_AGGRESSIVE;
				CLANG_WARN_UNREACHABLE_CODE = YES;
				CLANG_WARN__DUPLICATE_METHOD_MATCH = YES;
				CODE_SIGN_IDENTITY = "iPhone Developer";
				COPY_PHASE_STRIP = NO;
				DEBUG_INFORMATION_FORMAT = dwarf;
				ENABLE_STRICT_OBJC_MSGSEND = YES;
				ENABLE_TESTABILITY = YES;
				GCC_C_LANGUAGE_STANDARD = gnu11;
				GCC_DYNAMIC_NO_PIC = NO;
				GCC_NO_COMMON_BLOCKS = YES;
				GCC_OPTIMIZATION_LEVEL = 0;
				GCC_PREPROCESSOR_DEFINITIONS = (
					"DEBUG=1",
					"$(inherited)",
				);
				GCC_WARN_64_TO_32_BIT_CONVERSION = YES;
				GCC_WARN_ABOUT_RETURN_TYPE = YES_ERROR;
				GCC_WARN_UNDECLARED_SELECTOR = YES;
				GCC_WARN_UNINITIALIZED_AUTOS = YES_AGGRESSIVE;
				GCC_WARN_UNUSED_FUNCTION = YES;
				GCC_WARN_UNUSED_VARIABLE = YES;
				IPHONEOS_DEPLOYMENT_TARGET = 11.4;
				MTL_ENABLE_DEBUG_INFO = YES;
				ONLY_ACTIVE_ARCH = YES;
				SDKROOT = iphoneos;
				SWIFT_ACTIVE_COMPILATION_CONDITIONS = DEBUG;
				SWIFT_OPTIMIZATION_LEVEL = "-Onone";
			};
			name = Debug;
		};
		1F0A4F8321747C8000BDEA45 /* Release */ = {
			isa = XCBuildConfiguration;
			buildSettings = {
				ALWAYS_SEARCH_USER_PATHS = NO;
				CLANG_ANALYZER_NONNULL = YES;
				CLANG_ANALYZER_NUMBER_OBJECT_CONVERSION = YES_AGGRESSIVE;
				CLANG_CXX_LANGUAGE_STANDARD = "gnu++14";
				CLANG_CXX_LIBRARY = "libc++";
				CLANG_ENABLE_MODULES = YES;
				CLANG_ENABLE_OBJC_ARC = YES;
				CLANG_ENABLE_OBJC_WEAK = YES;
				CLANG_WARN_BLOCK_CAPTURE_AUTORELEASING = YES;
				CLANG_WARN_BOOL_CONVERSION = YES;
				CLANG_WARN_COMMA = YES;
				CLANG_WARN_CONSTANT_CONVERSION = YES;
				CLANG_WARN_DEPRECATED_OBJC_IMPLEMENTATIONS = YES;
				CLANG_WARN_DIRECT_OBJC_ISA_USAGE = YES_ERROR;
				CLANG_WARN_DOCUMENTATION_COMMENTS = YES;
				CLANG_WARN_EMPTY_BODY = YES;
				CLANG_WARN_ENUM_CONVERSION = YES;
				CLANG_WARN_INFINITE_RECURSION = YES;
				CLANG_WARN_INT_CONVERSION = YES;
				CLANG_WARN_NON_LITERAL_NULL_CONVERSION = YES;
				CLANG_WARN_OBJC_IMPLICIT_RETAIN_SELF = YES;
				CLANG_WARN_OBJC_LITERAL_CONVERSION = YES;
				CLANG_WARN_OBJC_ROOT_CLASS = YES_ERROR;
				CLANG_WARN_RANGE_LOOP_ANALYSIS = YES;
				CLANG_WARN_STRICT_PROTOTYPES = YES;
				CLANG_WARN_SUSPICIOUS_MOVE = YES;
				CLANG_WARN_UNGUARDED_AVAILABILITY = YES_AGGRESSIVE;
				CLANG_WARN_UNREACHABLE_CODE = YES;
				CLANG_WARN__DUPLICATE_METHOD_MATCH = YES;
				CODE_SIGN_IDENTITY = "iPhone Developer";
				COPY_PHASE_STRIP = NO;
				DEBUG_INFORMATION_FORMAT = "dwarf-with-dsym";
				ENABLE_NS_ASSERTIONS = NO;
				ENABLE_STRICT_OBJC_MSGSEND = YES;
				GCC_C_LANGUAGE_STANDARD = gnu11;
				GCC_NO_COMMON_BLOCKS = YES;
				GCC_WARN_64_TO_32_BIT_CONVERSION = YES;
				GCC_WARN_ABOUT_RETURN_TYPE = YES_ERROR;
				GCC_WARN_UNDECLARED_SELECTOR = YES;
				GCC_WARN_UNINITIALIZED_AUTOS = YES_AGGRESSIVE;
				GCC_WARN_UNUSED_FUNCTION = YES;
				GCC_WARN_UNUSED_VARIABLE = YES;
				IPHONEOS_DEPLOYMENT_TARGET = 11.4;
				MTL_ENABLE_DEBUG_INFO = NO;
				SDKROOT = iphoneos;
				SWIFT_COMPILATION_MODE = wholemodule;
				SWIFT_OPTIMIZATION_LEVEL = "-O";
				VALIDATE_PRODUCT = YES;
			};
			name = Release;
		};
		1F0A4F8521747C8000BDEA45 /* Debug */ = {
			isa = XCBuildConfiguration;
			baseConfigurationReference = B125783AFC62AA39E73C0BFA /* Pods-DOUYU.debug.xcconfig */;
			buildSettings = {
				ASSETCATALOG_COMPILER_APPICON_NAME = AppIcon;
				ASSETCATALOG_COMPILER_LAUNCHIMAGE_NAME = "Brand Assets";
				CODE_SIGN_STYLE = Automatic;
				INFOPLIST_FILE = DOUYU/Info.plist;
				IPHONEOS_DEPLOYMENT_TARGET = 9.0;
				LD_RUNPATH_SEARCH_PATHS = (
					"$(inherited)",
					"@executable_path/Frameworks",
				);
				PRODUCT_BUNDLE_IDENTIFIER = com.DOUYU;
				PRODUCT_NAME = "$(TARGET_NAME)";
				SWIFT_VERSION = 4.0;
				TARGETED_DEVICE_FAMILY = 1;
			};
			name = Debug;
		};
		1F0A4F8621747C8000BDEA45 /* Release */ = {
			isa = XCBuildConfiguration;
			baseConfigurationReference = 8CE74F16002DC22D85C975F2 /* Pods-DOUYU.release.xcconfig */;
			buildSettings = {
				ASSETCATALOG_COMPILER_APPICON_NAME = AppIcon;
				ASSETCATALOG_COMPILER_LAUNCHIMAGE_NAME = "Brand Assets";
				CODE_SIGN_STYLE = Automatic;
				INFOPLIST_FILE = DOUYU/Info.plist;
				IPHONEOS_DEPLOYMENT_TARGET = 9.0;
				LD_RUNPATH_SEARCH_PATHS = (
					"$(inherited)",
					"@executable_path/Frameworks",
				);
				PRODUCT_BUNDLE_IDENTIFIER = com.DOUYU;
				PRODUCT_NAME = "$(TARGET_NAME)";
				SWIFT_VERSION = 4.0;
				TARGETED_DEVICE_FAMILY = 1;
			};
			name = Release;
		};
		1F0A4F8821747C8000BDEA45 /* Debug */ = {
			isa = XCBuildConfiguration;
			buildSettings = {
				ALWAYS_EMBED_SWIFT_STANDARD_LIBRARIES = YES;
				BUNDLE_LOADER = "$(TEST_HOST)";
				CODE_SIGN_STYLE = Automatic;
				INFOPLIST_FILE = DOUYUTests/Info.plist;
				LD_RUNPATH_SEARCH_PATHS = (
					"$(inherited)",
					"@executable_path/Frameworks",
					"@loader_path/Frameworks",
				);
				PRODUCT_BUNDLE_IDENTIFIER = com.DOUYUTests;
				PRODUCT_NAME = "$(TARGET_NAME)";
				SWIFT_VERSION = 4.0;
				TARGETED_DEVICE_FAMILY = "1,2";
				TEST_HOST = "$(BUILT_PRODUCTS_DIR)/DOUYU.app/DOUYU";
			};
			name = Debug;
		};
		1F0A4F8921747C8000BDEA45 /* Release */ = {
			isa = XCBuildConfiguration;
			buildSettings = {
				ALWAYS_EMBED_SWIFT_STANDARD_LIBRARIES = YES;
				BUNDLE_LOADER = "$(TEST_HOST)";
				CODE_SIGN_STYLE = Automatic;
				INFOPLIST_FILE = DOUYUTests/Info.plist;
				LD_RUNPATH_SEARCH_PATHS = (
					"$(inherited)",
					"@executable_path/Frameworks",
					"@loader_path/Frameworks",
				);
				PRODUCT_BUNDLE_IDENTIFIER = com.DOUYUTests;
				PRODUCT_NAME = "$(TARGET_NAME)";
				SWIFT_VERSION = 4.0;
				TARGETED_DEVICE_FAMILY = "1,2";
				TEST_HOST = "$(BUILT_PRODUCTS_DIR)/DOUYU.app/DOUYU";
			};
			name = Release;
		};
		1F0A4F8B21747C8000BDEA45 /* Debug */ = {
			isa = XCBuildConfiguration;
			buildSettings = {
				ALWAYS_EMBED_SWIFT_STANDARD_LIBRARIES = YES;
				CODE_SIGN_STYLE = Automatic;
				INFOPLIST_FILE = DOUYUUITests/Info.plist;
				LD_RUNPATH_SEARCH_PATHS = (
					"$(inherited)",
					"@executable_path/Frameworks",
					"@loader_path/Frameworks",
				);
				PRODUCT_BUNDLE_IDENTIFIER = com.DOUYUUITests;
				PRODUCT_NAME = "$(TARGET_NAME)";
				SWIFT_VERSION = 4.0;
				TARGETED_DEVICE_FAMILY = "1,2";
				TEST_TARGET_NAME = DOUYU;
			};
			name = Debug;
		};
		1F0A4F8C21747C8000BDEA45 /* Release */ = {
			isa = XCBuildConfiguration;
			buildSettings = {
				ALWAYS_EMBED_SWIFT_STANDARD_LIBRARIES = YES;
				CODE_SIGN_STYLE = Automatic;
				INFOPLIST_FILE = DOUYUUITests/Info.plist;
				LD_RUNPATH_SEARCH_PATHS = (
					"$(inherited)",
					"@executable_path/Frameworks",
					"@loader_path/Frameworks",
				);
				PRODUCT_BUNDLE_IDENTIFIER = com.DOUYUUITests;
				PRODUCT_NAME = "$(TARGET_NAME)";
				SWIFT_VERSION = 4.0;
				TARGETED_DEVICE_FAMILY = "1,2";
				TEST_TARGET_NAME = DOUYU;
			};
			name = Release;
		};
/* End XCBuildConfiguration section */

/* Begin XCConfigurationList section */
		1F0A4F5721747C7F00BDEA45 /* Build configuration list for PBXProject "DOUYU" */ = {
			isa = XCConfigurationList;
			buildConfigurations = (
				1F0A4F8221747C8000BDEA45 /* Debug */,
				1F0A4F8321747C8000BDEA45 /* Release */,
			);
			defaultConfigurationIsVisible = 0;
			defaultConfigurationName = Release;
		};
		1F0A4F8421747C8000BDEA45 /* Build configuration list for PBXNativeTarget "DOUYU" */ = {
			isa = XCConfigurationList;
			buildConfigurations = (
				1F0A4F8521747C8000BDEA45 /* Debug */,
				1F0A4F8621747C8000BDEA45 /* Release */,
			);
			defaultConfigurationIsVisible = 0;
			defaultConfigurationName = Release;
		};
		1F0A4F8721747C8000BDEA45 /* Build configuration list for PBXNativeTarget "DOUYUTests" */ = {
			isa = XCConfigurationList;
			buildConfigurations = (
				1F0A4F8821747C8000BDEA45 /* Debug */,
				1F0A4F8921747C8000BDEA45 /* Release */,
			);
			defaultConfigurationIsVisible = 0;
			defaultConfigurationName = Release;
		};
		1F0A4F8A21747C8000BDEA45 /* Build configuration list for PBXNativeTarget "DOUYUUITests" */ = {
			isa = XCConfigurationList;
			buildConfigurations = (
				1F0A4F8B21747C8000BDEA45 /* Debug */,
				1F0A4F8C21747C8000BDEA45 /* Release */,
			);
			defaultConfigurationIsVisible = 0;
			defaultConfigurationName = Release;
		};
/* End XCConfigurationList section */
	};
	rootObject = 1F0A4F5421747C7F00BDEA45 /* Project object */;
}
